
Microsoft Visual Studio Solution File, Format Version 12.00
# Visual Studio Version 16
VisualStudioVersion = 16.0.31911.196
MinimumVisualStudioVersion = 10.0.40219.1
Project("{9A19103F-16F7-4668-BE54-9A1E7A4F7556}") = "RecipeeAPP", "RecipeeAPP\RecipeeAPP.csproj", "{67D79D21-04D1-42C6-AF38-DAF91B84B57D}"
EndProject
Project("{9A19103F-16F7-4668-BE54-9A1E7A4F7556}") = "RecipeAPI", "RecipeAPI\RecipeAPI.csproj", "{0197B980-BEA3-4829-90FA-25A8A5634C97}"
EndProject
Project("{9A19103F-16F7-4668-BE54-9A1E7A4F7556}") = "RecipeAppTest", "RecipeAppTest\RecipeAppTest.csproj", "{B6C07EBF-F204-4821-8554-A92BA3A9734B}"
EndProject
Project("{FAE04EC0-301F-11D3-BF4B-00C04F79EFBC}") = "IntegrationTest", "IntegrationTest\IntegrationTest.csproj", "{D1B5B3AD-3C86-4D2A-8ACC-39F4F444C2F0}"
EndProject
Global
	GlobalSection(SolutionConfigurationPlatforms) = preSolution
		Debug|Any CPU = Debug|Any CPU
		Release|Any CPU = Release|Any CPU
	EndGlobalSection
	GlobalSection(ProjectConfigurationPlatforms) = postSolution
		{67D79D21-04D1-42C6-AF38-DAF91B84B57D}.Debug|Any CPU.ActiveCfg = Debug|Any CPU
		{67D79D21-04D1-42C6-AF38-DAF91B84B57D}.Debug|Any CPU.Build.0 = Debug|Any CPU
		{67D79D21-04D1-42C6-AF38-DAF91B84B57D}.Release|Any CPU.ActiveCfg = Release|Any CPU
		{67D79D21-04D1-42C6-AF38-DAF91B84B57D}.Release|Any CPU.Build.0 = Release|Any CPU
		{0197B980-BEA3-4829-90FA-25A8A5634C97}.Debug|Any CPU.ActiveCfg = Debug|Any CPU
		{0197B980-BEA3-4829-90FA-25A8A5634C97}.Debug|Any CPU.Build.0 = Debug|Any CPU
		{0197B980-BEA3-4829-90FA-25A8A5634C97}.Release|Any CPU.ActiveCfg = Release|Any CPU
		{0197B980-BEA3-4829-90FA-25A8A5634C97}.Release|Any CPU.Build.0 = Release|Any CPU
		{B6C07EBF-F204-4821-8554-A92BA3A9734B}.Debug|Any CPU.ActiveCfg = Debug|Any CPU
		{B6C07EBF-F204-4821-8554-A92BA3A9734B}.Debug|Any CPU.Build.0 = Debug|Any CPU
		{B6C07EBF-F204-4821-8554-A92BA3A9734B}.Release|Any CPU.ActiveCfg = Release|Any CPU
		{B6C07EBF-F204-4821-8554-A92BA3A9734B}.Release|Any CPU.Build.0 = Release|Any CPU
		{D1B5B3AD-3C86-4D2A-8ACC-39F4F444C2F0}.Debug|Any CPU.ActiveCfg = Debug|Any CPU
		{D1B5B3AD-3C86-4D2A-8ACC-39F4F444C2F0}.Debug|Any CPU.Build.0 = Debug|Any CPU
		{D1B5B3AD-3C86-4D2A-8ACC-39F4F444C2F0}.Release|Any CPU.ActiveCfg = Release|Any CPU
		{D1B5B3AD-3C86-4D2A-8ACC-39F4F444C2F0}.Release|Any CPU.Build.0 = Release|Any CPU
	EndGlobalSection
	GlobalSection(SolutionProperties) = preSolution
		HideSolutionNode = FALSE
	EndGlobalSection
	GlobalSection(ExtensibilityGlobals) = postSolution
		SolutionGuid = {93BD3FCB-50E0-4EBB-BD62-E904E822E391}
	EndGlobalSection
EndGlobal
